
Microsoft Visual Studio Solution File, Format Version 12.00
# Visual Studio Version 17
VisualStudioVersion = 17.1.32319.34
MinimumVisualStudioVersion = 10.0.40219.1
Project("{FAE04EC0-301F-11D3-BF4B-00C04F79EFBC}") = "MyFirstCoreWebApp", "MyFirstCoreWebApp\MyFirstCoreWebApp.csproj", "{83A3D37A-F8B9-4484-B3BF-E8E087400619}"
EndProject
Global
	GlobalSection(SolutionConfigurationPlatforms) = preSolution
		Debug|Any CPU = Debug|Any CPU
		Release|Any CPU = Release|Any CPU
	EndGlobalSection
	GlobalSection(ProjectConfigurationPlatforms) = postSolution
		{83A3D37A-F8B9-4484-B3BF-E8E087400619}.Debug|Any CPU.ActiveCfg = Debug|Any CPU
		{83A3D37A-F8B9-4484-B3BF-E8E087400619}.Debug|Any CPU.Build.0 = Debug|Any CPU
		{83A3D37A-F8B9-4484-B3BF-E8E087400619}.Release|Any CPU.ActiveCfg = Release|Any CPU
		{83A3D37A-F8B9-4484-B3BF-E8E087400619}.Release|Any CPU.Build.0 = Release|Any CPU
	EndGlobalSection
	GlobalSection(SolutionProperties) = preSolution
		HideSolutionNode = FALSE
	EndGlobalSection
	GlobalSection(ExtensibilityGlobals) = postSolution
		SolutionGuid = {339E8107-6AB4-47C9-A0FF-97C9C4F85E6D}
	EndGlobalSection
EndGlobal
